
Microsoft Visual Studio Solution File, Format Version 12.00
# Visual Studio 15
VisualStudioVersion = 15.0.28307.572
MinimumVisualStudioVersion = 10.0.40219.1
Project("{FAE04EC0-301F-11D3-BF4B-00C04F79EFBC}") = "ImageEditor", "TableEditor\ImageEditor.csproj", "{2B8A9B99-FD36-40F1-84D3-5492471C6520}"
EndProject
Global
	GlobalSection(SolutionConfigurationPlatforms) = preSolution
		Debug|Any CPU = Debug|Any CPU
		Release|Any CPU = Release|Any CPU
	EndGlobalSection
	GlobalSection(ProjectConfigurationPlatforms) = postSolution
		{2B8A9B99-FD36-40F1-84D3-5492471C6520}.Debug|Any CPU.ActiveCfg = Debug|Any CPU
		{2B8A9B99-FD36-40F1-84D3-5492471C6520}.Debug|Any CPU.Build.0 = Debug|Any CPU
		{2B8A9B99-FD36-40F1-84D3-5492471C6520}.Release|Any CPU.ActiveCfg = Release|Any CPU
		{2B8A9B99-FD36-40F1-84D3-5492471C6520}.Release|Any CPU.Build.0 = Release|Any CPU
	EndGlobalSection
	GlobalSection(SolutionProperties) = preSolution
		HideSolutionNode = FALSE
	EndGlobalSection
	GlobalSection(ExtensibilityGlobals) = postSolution
		SolutionGuid = {36A101F5-CE7B-4B72-8299-93A37C49AB2C}
	EndGlobalSection
EndGlobal
